
Microsoft Visual Studio Solution File, Format Version 12.00
# Visual Studio 14
VisualStudioVersion = 14.0.25420.1
MinimumVisualStudioVersion = 10.0.40219.1
Project("{FAE04EC0-301F-11D3-BF4B-00C04F79EFBC}") = "as-forms-sumulator", "as-forms-sumulator\as-forms-sumulator.csproj", "{AFB8A810-9897-459C-8E73-CEF09A624A33}"
EndProject
Global
	GlobalSection(SolutionConfigurationPlatforms) = preSolution
		Debug|Any CPU = Debug|Any CPU
		Release|Any CPU = Release|Any CPU
	EndGlobalSection
	GlobalSection(ProjectConfigurationPlatforms) = postSolution
		{AFB8A810-9897-459C-8E73-CEF09A624A33}.Debug|Any CPU.ActiveCfg = Debug|Any CPU
		{AFB8A810-9897-459C-8E73-CEF09A624A33}.Debug|Any CPU.Build.0 = Debug|Any CPU
		{AFB8A810-9897-459C-8E73-CEF09A624A33}.Release|Any CPU.ActiveCfg = Release|Any CPU
		{AFB8A810-9897-459C-8E73-CEF09A624A33}.Release|Any CPU.Build.0 = Release|Any CPU
	EndGlobalSection
	GlobalSection(SolutionProperties) = preSolution
		HideSolutionNode = FALSE
	EndGlobalSection
EndGlobal
